
Microsoft Visual Studio Solution File, Format Version 12.00
# Visual Studio Version 16
VisualStudioVersion = 16.0.29306.81
MinimumVisualStudioVersion = 10.0.40219.1
Project("{FAE04EC0-301F-11D3-BF4B-00C04F79EFBC}") = "Berechnungen für Profile", "Berechnungen für Profile\Berechnungen für Profile.csproj", "{E0DBCCD4-9632-47A2-A23F-A68B0DCD1856}"
EndProject
Global
	GlobalSection(SolutionConfigurationPlatforms) = preSolution
		Debug|Any CPU = Debug|Any CPU
		Release|Any CPU = Release|Any CPU
	EndGlobalSection
	GlobalSection(ProjectConfigurationPlatforms) = postSolution
		{E0DBCCD4-9632-47A2-A23F-A68B0DCD1856}.Debug|Any CPU.ActiveCfg = Debug|Any CPU
		{E0DBCCD4-9632-47A2-A23F-A68B0DCD1856}.Debug|Any CPU.Build.0 = Debug|Any CPU
		{E0DBCCD4-9632-47A2-A23F-A68B0DCD1856}.Release|Any CPU.ActiveCfg = Release|Any CPU
		{E0DBCCD4-9632-47A2-A23F-A68B0DCD1856}.Release|Any CPU.Build.0 = Release|Any CPU
	EndGlobalSection
	GlobalSection(SolutionProperties) = preSolution
		HideSolutionNode = FALSE
	EndGlobalSection
	GlobalSection(ExtensibilityGlobals) = postSolution
		SolutionGuid = {5B966FCB-44DA-4BC8-8CF4-08FA327B6A10}
	EndGlobalSection
EndGlobal
